
Microsoft Visual Studio Solution File, Format Version 12.00
# Visual Studio Version 17
VisualStudioVersion = 17.13.35806.99 d17.13
MinimumVisualStudioVersion = 10.0.40219.1
Project("{FAE04EC0-301F-11D3-BF4B-00C04F79EFBC}") = "Backend_TaskManagement", "Backend_TaskManagement.csproj", "{7B057D71-160A-4FAF-1B05-B51512899941}"
EndProject
Global
	GlobalSection(SolutionConfigurationPlatforms) = preSolution
		Debug|Any CPU = Debug|Any CPU
		Release|Any CPU = Release|Any CPU
	EndGlobalSection
	GlobalSection(ProjectConfigurationPlatforms) = postSolution
		{7B057D71-160A-4FAF-1B05-B51512899941}.Debug|Any CPU.ActiveCfg = Debug|Any CPU
		{7B057D71-160A-4FAF-1B05-B51512899941}.Debug|Any CPU.Build.0 = Debug|Any CPU
		{7B057D71-160A-4FAF-1B05-B51512899941}.Release|Any CPU.ActiveCfg = Release|Any CPU
		{7B057D71-160A-4FAF-1B05-B51512899941}.Release|Any CPU.Build.0 = Release|Any CPU
	EndGlobalSection
	GlobalSection(SolutionProperties) = preSolution
		HideSolutionNode = FALSE
	EndGlobalSection
	GlobalSection(ExtensibilityGlobals) = postSolution
		SolutionGuid = {D871A56D-FBD8-4B66-8397-D7F527A9F5F4}
	EndGlobalSection
EndGlobal
